
Microsoft Visual Studio Solution File, Format Version 12.00
# Visual Studio 14
VisualStudioVersion = 14.0.24720.0
MinimumVisualStudioVersion = 10.0.40219.1
Project("{2150E333-8FDC-42A3-9474-1A3956D46DE8}") = "Stacks And Queue", "Stacks And Queue", "{F667E5B9-8DDF-411E-B3AB-F21A8B4C85FC}"
EndProject
Project("{FAE04EC0-301F-11D3-BF4B-00C04F79EFBC}") = "04.Basic Queue Operations", "04.Basic Queue Operations\04.Basic Queue Operations.csproj", "{688FEA21-1464-49FD-93EE-73A7D6D3D8E7}"
EndProject
Project("{FAE04EC0-301F-11D3-BF4B-00C04F79EFBC}") = "05.Calculate Sequence with Queue", "05.Calculate Sequence with Queue\05.Calculate Sequence with Queue.csproj", "{0FE793BA-862F-4ADE-B6EB-E12DD96CD071}"
EndProject
Project("{FAE04EC0-301F-11D3-BF4B-00C04F79EFBC}") = "06.Truck Tour", "06.Truck Tour\06.Truck Tour.csproj", "{A65B7D2F-7238-42FC-8EC1-CF18419E4B28}"
EndProject
Project("{FAE04EC0-301F-11D3-BF4B-00C04F79EFBC}") = "10.Simple Text Editor", "10.Simple Text Editor\10.Simple Text Editor.csproj", "{A0ED42B3-41A4-42B8-B41E-D343EA09AD3F}"
EndProject
Project("{FAE04EC0-301F-11D3-BF4B-00C04F79EFBC}") = "11.Poisonous Plants", "11.Poisonous Plants\11.Poisonous Plants.csproj", "{3F8A8271-5009-40B5-9075-8B94D526E5A1}"
EndProject
Project("{FAE04EC0-301F-11D3-BF4B-00C04F79EFBC}") = "01.Reverse Numbers with a Stack", "01.Reverse Numbers with a Stack\01.Reverse Numbers with a Stack.csproj", "{95137CE6-DF1E-4FD1-AE43-2D6F944ECB3B}"
EndProject
Project("{FAE04EC0-301F-11D3-BF4B-00C04F79EFBC}") = "02.Basic Stack Operations", "02.Basic Stack Operations\02.Basic Stack Operations.csproj", "{B7627058-97D6-40BB-9D1C-698A92CA7C2C}"
EndProject
Project("{FAE04EC0-301F-11D3-BF4B-00C04F79EFBC}") = "03.Maximum Element", "03.Maximum Element\03.Maximum Element.csproj", "{8322CD60-8EB5-49B6-AE5D-C12AC174B122}"
EndProject
Project("{FAE04EC0-301F-11D3-BF4B-00C04F79EFBC}") = "07.Balanced Parentheses", "07.Balanced Parentheses\07.Balanced Parentheses.csproj", "{BABA0D8F-2644-4EDB-8C37-CD6DA753CD1D}"
EndProject
Project("{FAE04EC0-301F-11D3-BF4B-00C04F79EFBC}") = "08.Recursive Fibonacci", "08.Recursive Fibonacci\08.Recursive Fibonacci.csproj", "{91682100-7402-48C4-B244-DDA29360F80E}"
EndProject
Project("{FAE04EC0-301F-11D3-BF4B-00C04F79EFBC}") = "09.Stack Fibonacci", "09.Stack Fibonacci\09.Stack Fibonacci.csproj", "{7F3DD778-D6E6-4563-9F34-6600D2CF1DAA}"
EndProject
Project("{2150E333-8FDC-42A3-9474-1A3956D46DE8}") = "SetsAndDictionaries", "SetsAndDictionaries", "{EEDD4A93-038B-4B07-A3F9-37C599A42618}"
EndProject
Global
	GlobalSection(SolutionConfigurationPlatforms) = preSolution
		Debug|Any CPU = Debug|Any CPU
		Release|Any CPU = Release|Any CPU
	EndGlobalSection
	GlobalSection(ProjectConfigurationPlatforms) = postSolution
		{688FEA21-1464-49FD-93EE-73A7D6D3D8E7}.Debug|Any CPU.ActiveCfg = Debug|Any CPU
		{688FEA21-1464-49FD-93EE-73A7D6D3D8E7}.Debug|Any CPU.Build.0 = Debug|Any CPU
		{688FEA21-1464-49FD-93EE-73A7D6D3D8E7}.Release|Any CPU.ActiveCfg = Release|Any CPU
		{688FEA21-1464-49FD-93EE-73A7D6D3D8E7}.Release|Any CPU.Build.0 = Release|Any CPU
		{0FE793BA-862F-4ADE-B6EB-E12DD96CD071}.Debug|Any CPU.ActiveCfg = Debug|Any CPU
		{0FE793BA-862F-4ADE-B6EB-E12DD96CD071}.Debug|Any CPU.Build.0 = Debug|Any CPU
		{0FE793BA-862F-4ADE-B6EB-E12DD96CD071}.Release|Any CPU.ActiveCfg = Release|Any CPU
		{0FE793BA-862F-4ADE-B6EB-E12DD96CD071}.Release|Any CPU.Build.0 = Release|Any CPU
		{A65B7D2F-7238-42FC-8EC1-CF18419E4B28}.Debug|Any CPU.ActiveCfg = Debug|Any CPU
		{A65B7D2F-7238-42FC-8EC1-CF18419E4B28}.Debug|Any CPU.Build.0 = Debug|Any CPU
		{A65B7D2F-7238-42FC-8EC1-CF18419E4B28}.Release|Any CPU.ActiveCfg = Release|Any CPU
		{A65B7D2F-7238-42FC-8EC1-CF18419E4B28}.Release|Any CPU.Build.0 = Release|Any CPU
		{A0ED42B3-41A4-42B8-B41E-D343EA09AD3F}.Debug|Any CPU.ActiveCfg = Debug|Any CPU
		{A0ED42B3-41A4-42B8-B41E-D343EA09AD3F}.Debug|Any CPU.Build.0 = Debug|Any CPU
		{A0ED42B3-41A4-42B8-B41E-D343EA09AD3F}.Release|Any CPU.ActiveCfg = Release|Any CPU
		{A0ED42B3-41A4-42B8-B41E-D343EA09AD3F}.Release|Any CPU.Build.0 = Release|Any CPU
		{3F8A8271-5009-40B5-9075-8B94D526E5A1}.Debug|Any CPU.ActiveCfg = Debug|Any CPU
		{3F8A8271-5009-40B5-9075-8B94D526E5A1}.Debug|Any CPU.Build.0 = Debug|Any CPU
		{3F8A8271-5009-40B5-9075-8B94D526E5A1}.Release|Any CPU.ActiveCfg = Release|Any CPU
		{3F8A8271-5009-40B5-9075-8B94D526E5A1}.Release|Any CPU.Build.0 = Release|Any CPU
		{95137CE6-DF1E-4FD1-AE43-2D6F944ECB3B}.Debug|Any CPU.ActiveCfg = Debug|Any CPU
		{95137CE6-DF1E-4FD1-AE43-2D6F944ECB3B}.Debug|Any CPU.Build.0 = Debug|Any CPU
		{95137CE6-DF1E-4FD1-AE43-2D6F944ECB3B}.Release|Any CPU.ActiveCfg = Release|Any CPU
		{95137CE6-DF1E-4FD1-AE43-2D6F944ECB3B}.Release|Any CPU.Build.0 = Release|Any CPU
		{B7627058-97D6-40BB-9D1C-698A92CA7C2C}.Debug|Any CPU.ActiveCfg = Debug|Any CPU
		{B7627058-97D6-40BB-9D1C-698A92CA7C2C}.Debug|Any CPU.Build.0 = Debug|Any CPU
		{B7627058-97D6-40BB-9D1C-698A92CA7C2C}.Release|Any CPU.ActiveCfg = Release|Any CPU
		{B7627058-97D6-40BB-9D1C-698A92CA7C2C}.Release|Any CPU.Build.0 = Release|Any CPU
		{8322CD60-8EB5-49B6-AE5D-C12AC174B122}.Debug|Any CPU.ActiveCfg = Debug|Any CPU
		{8322CD60-8EB5-49B6-AE5D-C12AC174B122}.Debug|Any CPU.Build.0 = Debug|Any CPU
		{8322CD60-8EB5-49B6-AE5D-C12AC174B122}.Release|Any CPU.ActiveCfg = Release|Any CPU
		{8322CD60-8EB5-49B6-AE5D-C12AC174B122}.Release|Any CPU.Build.0 = Release|Any CPU
		{BABA0D8F-2644-4EDB-8C37-CD6DA753CD1D}.Debug|Any CPU.ActiveCfg = Debug|Any CPU
		{BABA0D8F-2644-4EDB-8C37-CD6DA753CD1D}.Debug|Any CPU.Build.0 = Debug|Any CPU
		{BABA0D8F-2644-4EDB-8C37-CD6DA753CD1D}.Release|Any CPU.ActiveCfg = Release|Any CPU
		{BABA0D8F-2644-4EDB-8C37-CD6DA753CD1D}.Release|Any CPU.Build.0 = Release|Any CPU
		{91682100-7402-48C4-B244-DDA29360F80E}.Debug|Any CPU.ActiveCfg = Debug|Any CPU
		{91682100-7402-48C4-B244-DDA29360F80E}.Debug|Any CPU.Build.0 = Debug|Any CPU
		{91682100-7402-48C4-B244-DDA29360F80E}.Release|Any CPU.ActiveCfg = Release|Any CPU
		{91682100-7402-48C4-B244-DDA29360F80E}.Release|Any CPU.Build.0 = Release|Any CPU
		{7F3DD778-D6E6-4563-9F34-6600D2CF1DAA}.Debug|Any CPU.ActiveCfg = Debug|Any CPU
		{7F3DD778-D6E6-4563-9F34-6600D2CF1DAA}.Debug|Any CPU.Build.0 = Debug|Any CPU
		{7F3DD778-D6E6-4563-9F34-6600D2CF1DAA}.Release|Any CPU.ActiveCfg = Release|Any CPU
		{7F3DD778-D6E6-4563-9F34-6600D2CF1DAA}.Release|Any CPU.Build.0 = Release|Any CPU
	EndGlobalSection
	GlobalSection(SolutionProperties) = preSolution
		HideSolutionNode = FALSE
	EndGlobalSection
	GlobalSection(NestedProjects) = preSolution
		{688FEA21-1464-49FD-93EE-73A7D6D3D8E7} = {F667E5B9-8DDF-411E-B3AB-F21A8B4C85FC}
		{0FE793BA-862F-4ADE-B6EB-E12DD96CD071} = {F667E5B9-8DDF-411E-B3AB-F21A8B4C85FC}
		{A65B7D2F-7238-42FC-8EC1-CF18419E4B28} = {F667E5B9-8DDF-411E-B3AB-F21A8B4C85FC}
		{A0ED42B3-41A4-42B8-B41E-D343EA09AD3F} = {F667E5B9-8DDF-411E-B3AB-F21A8B4C85FC}
		{3F8A8271-5009-40B5-9075-8B94D526E5A1} = {F667E5B9-8DDF-411E-B3AB-F21A8B4C85FC}
		{95137CE6-DF1E-4FD1-AE43-2D6F944ECB3B} = {F667E5B9-8DDF-411E-B3AB-F21A8B4C85FC}
		{B7627058-97D6-40BB-9D1C-698A92CA7C2C} = {F667E5B9-8DDF-411E-B3AB-F21A8B4C85FC}
		{8322CD60-8EB5-49B6-AE5D-C12AC174B122} = {F667E5B9-8DDF-411E-B3AB-F21A8B4C85FC}
		{BABA0D8F-2644-4EDB-8C37-CD6DA753CD1D} = {F667E5B9-8DDF-411E-B3AB-F21A8B4C85FC}
		{91682100-7402-48C4-B244-DDA29360F80E} = {F667E5B9-8DDF-411E-B3AB-F21A8B4C85FC}
		{7F3DD778-D6E6-4563-9F34-6600D2CF1DAA} = {F667E5B9-8DDF-411E-B3AB-F21A8B4C85FC}
	EndGlobalSection
EndGlobal
